
Microsoft Visual Studio Solution File, Format Version 12.00
# Visual Studio Version 16
VisualStudioVersion = 16.0.28803.156
MinimumVisualStudioVersion = 10.0.40219.1
Project("{2150E333-8FDC-42A3-9474-1A3956D46DE8}") = "1. Infraestructure", "1. Infraestructure", "{8D319722-7961-42BC-B066-B7E076A69998}"
EndProject
Project("{2150E333-8FDC-42A3-9474-1A3956D46DE8}") = "2. Domain", "2. Domain", "{944311C2-EC0F-413A-86EA-A5BB876544E5}"
EndProject
Project("{2150E333-8FDC-42A3-9474-1A3956D46DE8}") = "3. Presentation", "3. Presentation", "{83B33F0E-02F0-48EF-A669-2F215867FF5F}"
EndProject
Project("{2150E333-8FDC-42A3-9474-1A3956D46DE8}") = "4. Unit Test", "4. Unit Test", "{EA5049B9-E168-43CF-AAA9-769F9CE0A93A}"
EndProject
Project("{FAE04EC0-301F-11D3-BF4B-00C04F79EFBC}") = "ConsultoriaLaSante.DataAccess", "ConsultoriaLaSante.DataAccess\ConsultoriaLaSante.DataAccess.csproj", "{0F7CBAD1-345E-4F32-A828-09FF5BECD065}"
EndProject
Project("{FAE04EC0-301F-11D3-BF4B-00C04F79EFBC}") = "ConsultoriaLaSante.Entities", "ConsultoriaLaSante.Entities\ConsultoriaLaSante.Entities.csproj", "{95B5F669-C1C3-468D-9077-9544F57031F3}"
EndProject
Project("{FAE04EC0-301F-11D3-BF4B-00C04F79EFBC}") = "ConsultoriaLaSante.Services", "ConsultoriaLaSante.Services\ConsultoriaLaSante.Services.csproj", "{7785CD1B-8FD7-487B-9BF2-0DF5911A65D8}"
EndProject
Project("{FAE04EC0-301F-11D3-BF4B-00C04F79EFBC}") = "ConsultoriaLaSante.Dtos", "ConsultoriaLaSante.Dtos\ConsultoriaLaSante.Dtos.csproj", "{8D03DB4D-AAEB-4183-AF85-CCCE83159FF2}"
EndProject
Project("{FAE04EC0-301F-11D3-BF4B-00C04F79EFBC}") = "ConsultoriaLaSante.Api", "ConsultoriaLaSante.Api\ConsultoriaLaSante.Api.csproj", "{C1DAFD65-18DA-4506-BB6B-512BE16AC549}"
EndProject
Global
	GlobalSection(SolutionConfigurationPlatforms) = preSolution
		Debug|Any CPU = Debug|Any CPU
		Release|Any CPU = Release|Any CPU
	EndGlobalSection
	GlobalSection(ProjectConfigurationPlatforms) = postSolution
		{0F7CBAD1-345E-4F32-A828-09FF5BECD065}.Debug|Any CPU.ActiveCfg = Debug|Any CPU
		{0F7CBAD1-345E-4F32-A828-09FF5BECD065}.Debug|Any CPU.Build.0 = Debug|Any CPU
		{0F7CBAD1-345E-4F32-A828-09FF5BECD065}.Release|Any CPU.ActiveCfg = Release|Any CPU
		{0F7CBAD1-345E-4F32-A828-09FF5BECD065}.Release|Any CPU.Build.0 = Release|Any CPU
		{95B5F669-C1C3-468D-9077-9544F57031F3}.Debug|Any CPU.ActiveCfg = Debug|Any CPU
		{95B5F669-C1C3-468D-9077-9544F57031F3}.Debug|Any CPU.Build.0 = Debug|Any CPU
		{95B5F669-C1C3-468D-9077-9544F57031F3}.Release|Any CPU.ActiveCfg = Release|Any CPU
		{95B5F669-C1C3-468D-9077-9544F57031F3}.Release|Any CPU.Build.0 = Release|Any CPU
		{7785CD1B-8FD7-487B-9BF2-0DF5911A65D8}.Debug|Any CPU.ActiveCfg = Debug|Any CPU
		{7785CD1B-8FD7-487B-9BF2-0DF5911A65D8}.Debug|Any CPU.Build.0 = Debug|Any CPU
		{7785CD1B-8FD7-487B-9BF2-0DF5911A65D8}.Release|Any CPU.ActiveCfg = Release|Any CPU
		{7785CD1B-8FD7-487B-9BF2-0DF5911A65D8}.Release|Any CPU.Build.0 = Release|Any CPU
		{8D03DB4D-AAEB-4183-AF85-CCCE83159FF2}.Debug|Any CPU.ActiveCfg = Debug|Any CPU
		{8D03DB4D-AAEB-4183-AF85-CCCE83159FF2}.Debug|Any CPU.Build.0 = Debug|Any CPU
		{8D03DB4D-AAEB-4183-AF85-CCCE83159FF2}.Release|Any CPU.ActiveCfg = Release|Any CPU
		{8D03DB4D-AAEB-4183-AF85-CCCE83159FF2}.Release|Any CPU.Build.0 = Release|Any CPU
		{C1DAFD65-18DA-4506-BB6B-512BE16AC549}.Debug|Any CPU.ActiveCfg = Debug|Any CPU
		{C1DAFD65-18DA-4506-BB6B-512BE16AC549}.Debug|Any CPU.Build.0 = Debug|Any CPU
		{C1DAFD65-18DA-4506-BB6B-512BE16AC549}.Release|Any CPU.ActiveCfg = Release|Any CPU
		{C1DAFD65-18DA-4506-BB6B-512BE16AC549}.Release|Any CPU.Build.0 = Release|Any CPU
	EndGlobalSection
	GlobalSection(SolutionProperties) = preSolution
		HideSolutionNode = FALSE
	EndGlobalSection
	GlobalSection(NestedProjects) = preSolution
		{0F7CBAD1-345E-4F32-A828-09FF5BECD065} = {8D319722-7961-42BC-B066-B7E076A69998}
		{95B5F669-C1C3-468D-9077-9544F57031F3} = {944311C2-EC0F-413A-86EA-A5BB876544E5}
		{7785CD1B-8FD7-487B-9BF2-0DF5911A65D8} = {944311C2-EC0F-413A-86EA-A5BB876544E5}
		{8D03DB4D-AAEB-4183-AF85-CCCE83159FF2} = {944311C2-EC0F-413A-86EA-A5BB876544E5}
		{C1DAFD65-18DA-4506-BB6B-512BE16AC549} = {83B33F0E-02F0-48EF-A669-2F215867FF5F}
	EndGlobalSection
	GlobalSection(ExtensibilityGlobals) = postSolution
		SolutionGuid = {8407607E-84E8-49C3-BA81-2A2067B51724}
	EndGlobalSection
EndGlobal
